
Microsoft Visual Studio Solution File, Format Version 12.00
# Visual Studio Version 16
VisualStudioVersion = 16.0.30523.141
MinimumVisualStudioVersion = 10.0.40219.1
Project("{FAE04EC0-301F-11D3-BF4B-00C04F79EFBC}") = "BinaryTableProgram", "BinaryTableProgram.csproj", "{718BA9A5-137B-4B61-BF99-0754A83E29F8}"
EndProject
Global
	GlobalSection(SolutionConfigurationPlatforms) = preSolution
		Debug|Any CPU = Debug|Any CPU
		Release|Any CPU = Release|Any CPU
	EndGlobalSection
	GlobalSection(ProjectConfigurationPlatforms) = postSolution
		{718BA9A5-137B-4B61-BF99-0754A83E29F8}.Debug|Any CPU.ActiveCfg = Debug|Any CPU
		{718BA9A5-137B-4B61-BF99-0754A83E29F8}.Debug|Any CPU.Build.0 = Debug|Any CPU
		{718BA9A5-137B-4B61-BF99-0754A83E29F8}.Release|Any CPU.ActiveCfg = Release|Any CPU
		{718BA9A5-137B-4B61-BF99-0754A83E29F8}.Release|Any CPU.Build.0 = Release|Any CPU
	EndGlobalSection
	GlobalSection(SolutionProperties) = preSolution
		HideSolutionNode = FALSE
	EndGlobalSection
	GlobalSection(ExtensibilityGlobals) = postSolution
		SolutionGuid = {34069EE0-FC86-4F12-8942-B888CE921040}
	EndGlobalSection
EndGlobal
